
Microsoft Visual Studio Solution File, Format Version 12.00
# Visual Studio Version 17
VisualStudioVersion = 17.11.35327.3
MinimumVisualStudioVersion = 10.0.40219.1
Project("{FAE04EC0-301F-11D3-BF4B-00C04F79EFBC}") = "NetAth", "NetAth.csproj", "{0D03C0F9-5E4C-4C74-83E9-283FC32150CC}"
EndProject
Global
	GlobalSection(SolutionConfigurationPlatforms) = preSolution
		Debug|Any CPU = Debug|Any CPU
		Release|Any CPU = Release|Any CPU
	EndGlobalSection
	GlobalSection(ProjectConfigurationPlatforms) = postSolution
		{0D03C0F9-5E4C-4C74-83E9-283FC32150CC}.Debug|Any CPU.ActiveCfg = Debug|Any CPU
		{0D03C0F9-5E4C-4C74-83E9-283FC32150CC}.Debug|Any CPU.Build.0 = Debug|Any CPU
		{0D03C0F9-5E4C-4C74-83E9-283FC32150CC}.Release|Any CPU.ActiveCfg = Release|Any CPU
		{0D03C0F9-5E4C-4C74-83E9-283FC32150CC}.Release|Any CPU.Build.0 = Release|Any CPU
	EndGlobalSection
	GlobalSection(SolutionProperties) = preSolution
		HideSolutionNode = FALSE
	EndGlobalSection
	GlobalSection(ExtensibilityGlobals) = postSolution
		SolutionGuid = {C48245BA-A9A5-472A-9A7B-DA693C8A787C}
	EndGlobalSection
EndGlobal
